
Microsoft Visual Studio Solution File, Format Version 12.00
# Visual Studio Version 17
VisualStudioVersion = 17.9.34607.119
MinimumVisualStudioVersion = 10.0.40219.1
Project("{FAE04EC0-301F-11D3-BF4B-00C04F79EFBC}") = "CP2_MVC", "CP2_MVC\CP2_MVC.csproj", "{088AD891-CA99-4484-BB45-DB1478DA32B4}"
EndProject
Global
	GlobalSection(SolutionConfigurationPlatforms) = preSolution
		Debug|Any CPU = Debug|Any CPU
		Release|Any CPU = Release|Any CPU
	EndGlobalSection
	GlobalSection(ProjectConfigurationPlatforms) = postSolution
		{088AD891-CA99-4484-BB45-DB1478DA32B4}.Debug|Any CPU.ActiveCfg = Debug|Any CPU
		{088AD891-CA99-4484-BB45-DB1478DA32B4}.Debug|Any CPU.Build.0 = Debug|Any CPU
		{088AD891-CA99-4484-BB45-DB1478DA32B4}.Release|Any CPU.ActiveCfg = Release|Any CPU
		{088AD891-CA99-4484-BB45-DB1478DA32B4}.Release|Any CPU.Build.0 = Release|Any CPU
	EndGlobalSection
	GlobalSection(SolutionProperties) = preSolution
		HideSolutionNode = FALSE
	EndGlobalSection
	GlobalSection(ExtensibilityGlobals) = postSolution
		SolutionGuid = {4A241BC9-893C-4B95-8C13-56D53A58E3C4}
	EndGlobalSection
EndGlobal
